{
  "name": "event-stream-normalizer",
  "version": "1.2.0",
  "lockfileVersion": 3,
  "requires": true,
  "packages": {
    "": {
      "name": "event-stream-normalizer",
      "version": "1.2.0",
      "dependencies": {
        "@northstar/event-schema": "file:packages/event-schema"
      }
    },
    "node_modules/@northstar/event-schema": {
      "resolved": "packages/event-schema",
      "link": true
    },
    "packages/event-schema": {
      "name": "@northstar/event-schema",
      "version": "2.4.1",
      "license": "UNLICENSED"
    }
  }
}
